{
  "name": "translate_node_project",
  "lockfileVersion": 2,
  "requires": true,
  "packages": {
    "": {
      "dependencies": {
        "pdf-to-text": "^0.0.7"
      },
      "devDependencies": {
        "@types/node": "^18.11.10",
        "typescript": "^4.9.3"
      }
    },
    "node_modules/@types/node": {
      "version": "18.11.10",
      "resolved": "https://registry.npmjs.org/@types/node/-/node-18.11.10.tgz",
      "integrity": "sha512-juG3RWMBOqcOuXC643OAdSA525V44cVgGV6dUDuiFtss+8Fk5x1hI93Rsld43VeJVIeqlP9I7Fn9/qaVqoEAuQ==",
      "dev": true
    },
    "node_modules/pdf-to-text": {
      "version": "0.0.7",
      "resolved": "https://registry.npmjs.org/pdf-to-text/-/pdf-to-text-0.0.7.tgz",
      "integrity": "sha512-NHWB7u/9q+SZ28UtEgJYljamp61j06oldHdvGik1729pzRFLCO4igbZwm0MOUWoIQUz4nla3n+cf3Jh7uiOZwQ=="
    },
    "node_modules/typescript": {
      "version": "4.9.3",
      "resolved": "https://registry.npmjs.org/typescript/-/typescript-4.9.3.tgz",
      "integrity": "sha512-CIfGzTelbKNEnLpLdGFgdyKhG23CKdKgQPOBc+OUNrkJ2vr+KSzsSV5kq5iWhEQbok+quxgGzrAtGWCyU7tHnA==",
      "dev": true,
      "bin": {
        "tsc": "bin/tsc",
        "tsserver": "bin/tsserver"
      },
      "engines": {
        "node": ">=4.2.0"
      }
    }
  },
  "dependencies": {
    "@types/node": {
      "version": "18.11.10",
      "resolved": "https://registry.npmjs.org/@types/node/-/node-18.11.10.tgz",
      "integrity": "sha512-juG3RWMBOqcOuXC643OAdSA525V44cVgGV6dUDuiFtss+8Fk5x1hI93Rsld43VeJVIeqlP9I7Fn9/qaVqoEAuQ==",
      "dev": true
    },
    "pdf-to-text": {
      "version": "0.0.7",
      "resolved": "https://registry.npmjs.org/pdf-to-text/-/pdf-to-text-0.0.7.tgz",
      "integrity": "sha512-NHWB7u/9q+SZ28UtEgJYljamp61j06oldHdvGik1729pzRFLCO4igbZwm0MOUWoIQUz4nla3n+cf3Jh7uiOZwQ=="
    },
    "typescript": {
      "version": "4.9.3",
      "resolved": "https://registry.npmjs.org/typescript/-/typescript-4.9.3.tgz",
      "integrity": "sha512-CIfGzTelbKNEnLpLdGFgdyKhG23CKdKgQPOBc+OUNrkJ2vr+KSzsSV5kq5iWhEQbok+quxgGzrAtGWCyU7tHnA==",
      "dev": true
    }
  }
}
